
Microsoft Visual Studio Solution File, Format Version 12.00
# Visual Studio Version 16
VisualStudioVersion = 16.0.32510.428
MinimumVisualStudioVersion = 10.0.40219.1
Project("{FAE04EC0-301F-11D3-BF4B-00C04F79EFBC}") = "Tarea3_1.Android", "Tarea3_1\Tarea3_1.Android\Tarea3_1.Android.csproj", "{FD50D527-B016-4A07-88B6-FC0026241EE1}"
EndProject
Project("{FAE04EC0-301F-11D3-BF4B-00C04F79EFBC}") = "Tarea3_1", "Tarea3_1\Tarea3_1\Tarea3_1.csproj", "{766B6788-8D9B-4E78-BC62-462718E7ECAF}"
EndProject
Global
	GlobalSection(SolutionConfigurationPlatforms) = preSolution
		Debug|Any CPU = Debug|Any CPU
		Release|Any CPU = Release|Any CPU
	EndGlobalSection
	GlobalSection(ProjectConfigurationPlatforms) = postSolution
		{FD50D527-B016-4A07-88B6-FC0026241EE1}.Debug|Any CPU.ActiveCfg = Debug|Any CPU
		{FD50D527-B016-4A07-88B6-FC0026241EE1}.Debug|Any CPU.Build.0 = Debug|Any CPU
		{FD50D527-B016-4A07-88B6-FC0026241EE1}.Debug|Any CPU.Deploy.0 = Debug|Any CPU
		{FD50D527-B016-4A07-88B6-FC0026241EE1}.Release|Any CPU.ActiveCfg = Release|Any CPU
		{FD50D527-B016-4A07-88B6-FC0026241EE1}.Release|Any CPU.Build.0 = Release|Any CPU
		{FD50D527-B016-4A07-88B6-FC0026241EE1}.Release|Any CPU.Deploy.0 = Release|Any CPU
		{766B6788-8D9B-4E78-BC62-462718E7ECAF}.Debug|Any CPU.ActiveCfg = Debug|Any CPU
		{766B6788-8D9B-4E78-BC62-462718E7ECAF}.Debug|Any CPU.Build.0 = Debug|Any CPU
		{766B6788-8D9B-4E78-BC62-462718E7ECAF}.Debug|Any CPU.Deploy.0 = Debug|Any CPU
		{766B6788-8D9B-4E78-BC62-462718E7ECAF}.Release|Any CPU.ActiveCfg = Release|Any CPU
		{766B6788-8D9B-4E78-BC62-462718E7ECAF}.Release|Any CPU.Build.0 = Release|Any CPU
		{766B6788-8D9B-4E78-BC62-462718E7ECAF}.Release|Any CPU.Deploy.0 = Release|Any CPU
	EndGlobalSection
	GlobalSection(SolutionProperties) = preSolution
		HideSolutionNode = FALSE
	EndGlobalSection
	GlobalSection(ExtensibilityGlobals) = postSolution
		SolutionGuid = {C59C6EB0-B601-4F41-AFD9-B547C9F71CAE}
	EndGlobalSection
EndGlobal
